// !$*UTF8*$!
{
	archiveVersion = 1;
	classes = {
	};
	objectVersion = 77;
	objects = {

/* Begin PBXContainerItemProxy section */
		6A3AB6F22F5ED34700393E50 /* PBXContainerItemProxy */ = {
			isa = PBXContainerItemProxy;
			containerPortal = 6A3AB6DC2F5ED34600393E50 /* Project object */;
			proxyType = 1;
			remoteGlobalIDString = 6A3AB6E32F5ED34600393E50;
			remoteInfo = pethealthdata;
		};
		6A3AB6FC2F5ED34700393E50 /* PBXContainerItemProxy */ = {
			isa = PBXContainerItemProxy;
			containerPortal = 6A3AB6DC2F5ED34600393E50 /* Project object */;
			proxyType = 1;
			remoteGlobalIDString = 6A3AB6E32F5ED34600393E50;
			remoteInfo = pethealthdata;
		};
/* End PBXContainerItemProxy section */

/* Begin PBXFileReference section */
		6A3AB6E42F5ED34600393E50 /* pethealthdata.app */ = {isa = PBXFileReference; explicitFileType = wrapper.application; includeInIndex = 0; path = pethealthdata.app; sourceTree = BUILT_PRODUCTS_DIR; };
		6A3AB6F12F5ED34700393E50 /* pethealthdataTests.xctest */ = {isa = PBXFileReference; explicitFileType = wrapper.cfbundle; includeInIndex = 0; path = pethealthdataTests.xctest; sourceTree = BUILT_PRODUCTS_DIR; };
		6A3AB6FB2F5ED34700393E50 /* pethealthdataUITests.xctest */ = {isa = PBXFileReference; explicitFileType = wrapper.cfbundle; includeInIndex = 0; path = pethealthdataUITests.xctest; sourceTree = BUILT_PRODUCTS_DIR; };
/* End PBXFileReference section */

/* Begin PBXFileSystemSynchronizedRootGroup section */
		6A3AB6E62F5ED34600393E50 /* pethealthdata */ = {
			isa = PBXFileSystemSynchronizedRootGroup;
			path = pethealthdata;
			sourceTree = "<group>";
		};
		6A3AB6F42F5ED34700393E50 /* pethealthdataTests */ = {
			isa = PBXFileSystemSynchronizedRootGroup;
			path = pethealthdataTests;
			sourceTree = "<group>";
		};
		6A3AB6FE2F5ED34700393E50 /* pethealthdataUITests */ = {
			isa = PBXFileSystemSynchronizedRootGroup;
			path = pethealthdataUITests;
			sourceTree = "<group>";
		};
/* End PBXFileSystemSynchronizedRootGroup section */

/* Begin PBXFrameworksBuildPhase section */
		6A3AB6E12F5ED34600393E50 /* Frameworks */ = {
			isa = PBXFrameworksBuildPhase;
			buildActionMask = 2147483647;
			files = (
			);
			runOnlyForDeploymentPostprocessing = 0;
		};
		6A3AB6EE2F5ED34700393E50 /* Frameworks */ = {
			isa = PBXFrameworksBuildPhase;
			buildActionMask = 2147483647;
			files = (
			);
			runOnlyForDeploymentPostprocessing = 0;
		};
		6A3AB6F82F5ED34700393E50 /* Frameworks */ = {
			isa = PBXFrameworksBuildPhase;
			buildActionMask = 2147483647;
			files = (
			);
			runOnlyForDeploymentPostprocessing = 0;
		};
/* End PBXFrameworksBuildPhase section */

/* Begin PBXGroup section */
		6A3AB6DB2F5ED34600393E50 = {
			isa = PBXGroup;
			children = (
				6A3AB6E62F5ED34600393E50 /* pethealthdata */,
				6A3AB6F42F5ED34700393E50 /* pethealthdataTests */,
				6A3AB6FE2F5ED34700393E50 /* pethealthdataUITests */,
				6A3AB6E52F5ED34600393E50 /* Products */,
			);
			sourceTree = "<group>";
		};
		6A3AB6E52F5ED34600393E50 /* Products */ = {
			isa = PBXGroup;
			children = (
				6A3AB6E42F5ED34600393E50 /* pethealthdata.app */,
				6A3AB6F12F5ED34700393E50 /* pethealthdataTests.xctest */,
				6A3AB6FB2F5ED34700393E50 /* pethealthdataUITests.xctest */,
			);
			name = Products;
			sourceTree = "<group>";
		};
/* End PBXGroup section */

/* Begin PBXNativeTarget section */
		6A3AB6E32F5ED34600393E50 /* pethealthdata */ = {
			isa = PBXNativeTarget;
			buildConfigurationList = 6A3AB7052F5ED34700393E50 /* Build configuration list for PBXNativeTarget "pethealthdata" */;
			buildPhases = (
				6A3AB6E02F5ED34600393E50 /* Sources */,
				6A3AB6E12F5ED34600393E50 /* Frameworks */,
				6A3AB6E22F5ED34600393E50 /* Resources */,
			);
			buildRules = (
			);
			dependencies = (
			);
			fileSystemSynchronizedGroups = (
				6A3AB6E62F5ED34600393E50 /* pethealthdata */,
			);
			name = pethealthdata;
			packageProductDependencies = (
			);
			productName = pethealthdata;
			productReference = 6A3AB6E42F5ED34600393E50 /* pethealthdata.app */;
			productType = "com.apple.product-type.application";
		};
		6A3AB6F02F5ED34700393E50 /* pethealthdataTests */ = {
			isa = PBXNativeTarget;
			buildConfigurationList = 6A3AB7082F5ED34700393E50 /* Build configuration list for PBXNativeTarget "pethealthdataTests" */;
			buildPhases = (
				6A3AB6ED2F5ED34700393E50 /* Sources */,
				6A3AB6EE2F5ED34700393E50 /* Frameworks */,
				6A3AB6EF2F5ED34700393E50 /* Resources */,
			);
			buildRules = (
			);
			dependencies = (
				6A3AB6F32F5ED34700393E50 /* PBXTargetDependency */,
			);
			fileSystemSynchronizedGroups = (
				6A3AB6F42F5ED34700393E50 /* pethealthdataTests */,
			);
			name = pethealthdataTests;
			packageProductDependencies = (
			);
			productName = pethealthdataTests;
			productReference = 6A3AB6F12F5ED34700393E50 /* pethealthdataTests.xctest */;
			productType = "com.apple.product-type.bundle.unit-test";
		};
		6A3AB6FA2F5ED34700393E50 /* pethealthdataUITests */ = {
			isa = PBXNativeTarget;
			buildConfigurationList = 6A3AB70B2F5ED34700393E50 /* Build configuration list for PBXNativeTarget "pethealthdataUITests" */;
			buildPhases = (
				6A3AB6F72F5ED34700393E50 /* Sources */,
				6A3AB6F82F5ED34700393E50 /* Frameworks */,
				6A3AB6F92F5ED34700393E50 /* Resources */,
			);
			buildRules = (
			);
			dependencies = (
				6A3AB6FD2F5ED34700393E50 /* PBXTargetDependency */,
			);
			fileSystemSynchronizedGroups = (
				6A3AB6FE2F5ED34700393E50 /* pethealthdataUITests */,
			);
			name = pethealthdataUITests;
			packageProductDependencies = (
			);
			productName = pethealthdataUITests;
			productReference = 6A3AB6FB2F5ED34700393E50 /* pethealthdataUITests.xctest */;
			productType = "com.apple.product-type.bundle.ui-testing";
		};
/* End PBXNativeTarget section */

/* Begin PBXProject section */
		6A3AB6DC2F5ED34600393E50 /* Project object */ = {
			isa = PBXProject;
			attributes = {
				BuildIndependentTargetsInParallel = 1;
				LastSwiftUpdateCheck = 1630;
				LastUpgradeCheck = 1630;
				TargetAttributes = {
					6A3AB6E32F5ED34600393E50 = {
						CreatedOnToolsVersion = 16.3;
					};
					6A3AB6F02F5ED34700393E50 = {
						CreatedOnToolsVersion = 16.3;
						TestTargetID = 6A3AB6E32F5ED34600393E50;
					};
					6A3AB6FA2F5ED34700393E50 = {
						CreatedOnToolsVersion = 16.3;
						TestTargetID = 6A3AB6E32F5ED34600393E50;
					};
				};
			};
			buildConfigurationList = 6A3AB6DF2F5ED34600393E50 /* Build configuration list for PBXProject "pethealthdata" */;
			developmentRegion = en;
			hasScannedForEncodings = 0;
			knownRegions = (
				en,
				Base,
			);
			mainGroup = 6A3AB6DB2F5ED34600393E50;
			minimizedProjectReferenceProxies = 1;
			preferredProjectObjectVersion = 77;
			productRefGroup = 6A3AB6E52F5ED34600393E50 /* Products */;
			projectDirPath = "";
			projectRoot = "";
			targets = (
				6A3AB6E32F5ED34600393E50 /* pethealthdata */,
				6A3AB6F02F5ED34700393E50 /* pethealthdataTests */,
				6A3AB6FA2F5ED34700393E50 /* pethealthdataUITests */,
			);
		};
/* End PBXProject section */

/* Begin PBXResourcesBuildPhase section */
		6A3AB6E22F5ED34600393E50 /* Resources */ = {
			isa = PBXResourcesBuildPhase;
			buildActionMask = 2147483647;
			files = (
			);
			runOnlyForDeploymentPostprocessing = 0;
		};
		6A3AB6EF2F5ED34700393E50 /* Resources */ = {
			isa = PBXResourcesBuildPhase;
			buildActionMask = 2147483647;
			files = (
			);
			runOnlyForDeploymentPostprocessing = 0;
		};
		6A3AB6F92F5ED34700393E50 /* Resources */ = {
			isa = PBXResourcesBuildPhase;
			buildActionMask = 2147483647;
			files = (
			);
			runOnlyForDeploymentPostprocessing = 0;
		};
/* End PBXResourcesBuildPhase section */

/* Begin PBXSourcesBuildPhase section */
		6A3AB6E02F5ED34600393E50 /* Sources */ = {
			isa = PBXSourcesBuildPhase;
			buildActionMask = 2147483647;
			files = (
			);
			runOnlyForDeploymentPostprocessing = 0;
		};
		6A3AB6ED2F5ED34700393E50 /* Sources */ = {
			isa = PBXSourcesBuildPhase;
			buildActionMask = 2147483647;
			files = (
			);
			runOnlyForDeploymentPostprocessing = 0;
		};
		6A3AB6F72F5ED34700393E50 /* Sources */ = {
			isa = PBXSourcesBuildPhase;
			buildActionMask = 2147483647;
			files = (
			);
			runOnlyForDeploymentPostprocessing = 0;
		};
/* End PBXSourcesBuildPhase section */

/* Begin PBXTargetDependency section */
		6A3AB6F32F5ED34700393E50 /* PBXTargetDependency */ = {
			isa = PBXTargetDependency;
			target = 6A3AB6E32F5ED34600393E50 /* pethealthdata */;
			targetProxy = 6A3AB6F22F5ED34700393E50 /* PBXContainerItemProxy */;
		};
		6A3AB6FD2F5ED34700393E50 /* PBXTargetDependency */ = {
			isa = PBXTargetDependency;
			target = 6A3AB6E32F5ED34600393E50 /* pethealthdata */;
			targetProxy = 6A3AB6FC2F5ED34700393E50 /* PBXContainerItemProxy */;
		};
/* End PBXTargetDependency section */

/* Begin XCBuildConfiguration section */
		6A3AB7032F5ED34700393E50 /* Debug */ = {
			isa = XCBuildConfiguration;
			buildSettings = {
				ALWAYS_SEARCH_USER_PATHS = NO;
				ASSETCATALOG_COMPILER_GENERATE_SWIFT_ASSET_SYMBOL_EXTENSIONS = YES;
				CLANG_ANALYZER_NONNULL = YES;
				CLANG_ANALYZER_NUMBER_OBJECT_CONVERSION = YES_AGGRESSIVE;
				CLANG_CXX_LANGUAGE_STANDARD = "gnu++20";
				CLANG_ENABLE_MODULES = YES;
				CLANG_ENABLE_OBJC_ARC = YES;
				CLANG_ENABLE_OBJC_WEAK = YES;
				CLANG_WARN_BLOCK_CAPTURE_AUTORELEASING = YES;
				CLANG_WARN_BOOL_CONVERSION = YES;
				CLANG_WARN_COMMA = YES;
				CLANG_WARN_CONSTANT_CONVERSION = YES;
				CLANG_WARN_DEPRECATED_OBJC_IMPLEMENTATIONS = YES;
				CLANG_WARN_DIRECT_OBJC_ISA_USAGE = YES_ERROR;
				CLANG_WARN_DOCUMENTATION_COMMENTS = YES;
				CLANG_WARN_EMPTY_BODY = YES;
				CLANG_WARN_ENUM_CONVERSION = YES;
				CLANG_WARN_INFINITE_RECURSION = YES;
				CLANG_WARN_INT_CONVERSION = YES;
				CLANG_WARN_NON_LITERAL_NULL_CONVERSION = YES;
				CLANG_WARN_OBJC_IMPLICIT_RETAIN_SELF = YES;
				CLANG_WARN_OBJC_LITERAL_CONVERSION = YES;
				CLANG_WARN_OBJC_ROOT_CLASS = YES_ERROR;
				CLANG_WARN_QUOTED_INCLUDE_IN_FRAMEWORK_HEADER = YES;
				CLANG_WARN_RANGE_LOOP_ANALYSIS = YES;
				CLANG_WARN_STRICT_PROTOTYPES = YES;
				CLANG_WARN_SUSPICIOUS_MOVE = YES;
				CLANG_WARN_UNGUARDED_AVAILABILITY = YES_AGGRESSIVE;
				CLANG_WARN_UNREACHABLE_CODE = YES;
				CLANG_WARN__DUPLICATE_METHOD_MATCH = YES;
				COPY_PHASE_STRIP = NO;
				DEBUG_INFORMATION_FORMAT = dwarf;
				DEVELOPMENT_TEAM = JP4TN5PTS3;
				ENABLE_STRICT_OBJC_MSGSEND = YES;
				ENABLE_TESTABILITY = YES;
				ENABLE_USER_SCRIPT_SANDBOXING = YES;
				GCC_C_LANGUAGE_STANDARD = gnu17;
				GCC_DYNAMIC_NO_PIC = NO;
				GCC_NO_COMMON_BLOCKS = YES;
				GCC_OPTIMIZATION_LEVEL = 0;
				GCC_PREPROCESSOR_DEFINITIONS = (
					"DEBUG=1",
					"$(inherited)",
				);
				GCC_WARN_64_TO_32_BIT_CONVERSION = YES;
				GCC_WARN_ABOUT_RETURN_TYPE = YES_ERROR;
				GCC_WARN_UNDECLARED_SELECTOR = YES;
				GCC_WARN_UNINITIALIZED_AUTOS = YES_AGGRESSIVE;
				GCC_WARN_UNUSED_FUNCTION = YES;
				GCC_WARN_UNUSED_VARIABLE = YES;
				IPHONEOS_DEPLOYMENT_TARGET = 17.0;
				LOCALIZATION_PREFERS_STRING_CATALOGS = YES;
				MTL_ENABLE_DEBUG_INFO = INCLUDE_SOURCE;
				MTL_FAST_MATH = YES;
				ONLY_ACTIVE_ARCH = YES;
				SDKROOT = iphoneos;
				SWIFT_ACTIVE_COMPILATION_CONDITIONS = "DEBUG $(inherited)";
				SWIFT_OPTIMIZATION_LEVEL = "-Onone";
			};
			name = Debug;
		};
		6A3AB7042F5ED34700393E50 /* Release */ = {
			isa = XCBuildConfiguration;
			buildSettings = {
				ALWAYS_SEARCH_USER_PATHS = NO;
				ASSETCATALOG_COMPILER_GENERATE_SWIFT_ASSET_SYMBOL_EXTENSIONS = YES;
				CLANG_ANALYZER_NONNULL = YES;
				CLANG_ANALYZER_NUMBER_OBJECT_CONVERSION = YES_AGGRESSIVE;
				CLANG_CXX_LANGUAGE_STANDARD = "gnu++20";
				CLANG_ENABLE_MODULES = YES;
				CLANG_ENABLE_OBJC_ARC = YES;
				CLANG_ENABLE_OBJC_WEAK = YES;
				CLANG_WARN_BLOCK_CAPTURE_AUTORELEASING = YES;
				CLANG_WARN_BOOL_CONVERSION = YES;
				CLANG_WARN_COMMA = YES;
				CLANG_WARN_CONSTANT_CONVERSION = YES;
				CLANG_WARN_DEPRECATED_OBJC_IMPLEMENTATIONS = YES;
				CLANG_WARN_DIRECT_OBJC_ISA_USAGE = YES_ERROR;
				CLANG_WARN_DOCUMENTATION_COMMENTS = YES;
				CLANG_WARN_EMPTY_BODY = YES;
				CLANG_WARN_ENUM_CONVERSION = YES;
				CLANG_WARN_INFINITE_RECURSION = YES;
				CLANG_WARN_INT_CONVERSION = YES;
				CLANG_WARN_NON_LITERAL_NULL_CONVERSION = YES;
				CLANG_WARN_OBJC_IMPLICIT_RETAIN_SELF = YES;
				CLANG_WARN_OBJC_LITERAL_CONVERSION = YES;
				CLANG_WARN_OBJC_ROOT_CLASS = YES_ERROR;
				CLANG_WARN_QUOTED_INCLUDE_IN_FRAMEWORK_HEADER = YES;
				CLANG_WARN_RANGE_LOOP_ANALYSIS = YES;
				CLANG_WARN_STRICT_PROTOTYPES = YES;
				CLANG_WARN_SUSPICIOUS_MOVE = YES;
				CLANG_WARN_UNGUARDED_AVAILABILITY = YES_AGGRESSIVE;
				CLANG_WARN_UNREACHABLE_CODE = YES;
				CLANG_WARN__DUPLICATE_METHOD_MATCH = YES;
				COPY_PHASE_STRIP = NO;
				DEBUG_INFORMATION_FORMAT = "dwarf-with-dsym";
				DEVELOPMENT_TEAM = JP4TN5PTS3;
				ENABLE_NS_ASSERTIONS = NO;
				ENABLE_STRICT_OBJC_MSGSEND = YES;
				ENABLE_USER_SCRIPT_SANDBOXING = YES;
				GCC_C_LANGUAGE_STANDARD = gnu17;
				GCC_NO_COMMON_BLOCKS = YES;
				GCC_WARN_64_TO_32_BIT_CONVERSION = YES;
				GCC_WARN_ABOUT_RETURN_TYPE = YES_ERROR;
				GCC_WARN_UNDECLARED_SELECTOR = YES;
				GCC_WARN_UNINITIALIZED_AUTOS = YES_AGGRESSIVE;
				GCC_WARN_UNUSED_FUNCTION = YES;
				GCC_WARN_UNUSED_VARIABLE = YES;
				IPHONEOS_DEPLOYMENT_TARGET = 17.0;
				LOCALIZATION_PREFERS_STRING_CATALOGS = YES;
				MTL_ENABLE_DEBUG_INFO = NO;
				MTL_FAST_MATH = YES;
				SDKROOT = iphoneos;
				SWIFT_COMPILATION_MODE = wholemodule;
				VALIDATE_PRODUCT = YES;
			};
			name = Release;
		};
		6A3AB7062F5ED34700393E50 /* Debug */ = {
			isa = XCBuildConfiguration;
			buildSettings = {
				ASSETCATALOG_COMPILER_APPICON_NAME = AppIcon;
				ASSETCATALOG_COMPILER_GLOBAL_ACCENT_COLOR_NAME = AccentColor;
				CODE_SIGN_STYLE = Automatic;
				CURRENT_PROJECT_VERSION = 1;
				DEVELOPMENT_TEAM = JP4TN5PTS3;
				ENABLE_PREVIEWS = YES;
				GENERATE_INFOPLIST_FILE = YES;
				INFOPLIST_KEY_UIApplicationSceneManifest_Generation = YES;
				INFOPLIST_KEY_UIApplicationSupportsIndirectInputEvents = YES;
				INFOPLIST_KEY_UILaunchScreen_Generation = YES;
				INFOPLIST_KEY_UISupportedInterfaceOrientations_iPad = "UIInterfaceOrientationPortrait UIInterfaceOrientationPortraitUpsideDown UIInterfaceOrientationLandscapeLeft UIInterfaceOrientationLandscapeRight";
				INFOPLIST_KEY_UISupportedInterfaceOrientations_iPhone = "UIInterfaceOrientationPortrait UIInterfaceOrientationLandscapeLeft UIInterfaceOrientationLandscapeRight";
				IPHONEOS_DEPLOYMENT_TARGET = 17.0;
				LD_RUNPATH_SEARCH_PATHS = (
					"$(inherited)",
					"@executable_path/Frameworks",
				);
				MARKETING_VERSION = 1.0;
				PRODUCT_BUNDLE_IDENTIFIER = com.zzoutuo.pethealthdata;
				PRODUCT_NAME = "$(TARGET_NAME)";
				SWIFT_EMIT_LOC_STRINGS = YES;
				SWIFT_VERSION = 5.0;
				TARGETED_DEVICE_FAMILY = "1,2";
			};
			name = Debug;
		};
		6A3AB7072F5ED34700393E50 /* Release */ = {
			isa = XCBuildConfiguration;
			buildSettings = {
				ASSETCATALOG_COMPILER_APPICON_NAME = AppIcon;
				ASSETCATALOG_COMPILER_GLOBAL_ACCENT_COLOR_NAME = AccentColor;
				CODE_SIGN_STYLE = Automatic;
				CURRENT_PROJECT_VERSION = 1;
				DEVELOPMENT_TEAM = JP4TN5PTS3;
				ENABLE_PREVIEWS = YES;
				GENERATE_INFOPLIST_FILE = YES;
				INFOPLIST_KEY_UIApplicationSceneManifest_Generation = YES;
				INFOPLIST_KEY_UIApplicationSupportsIndirectInputEvents = YES;
				INFOPLIST_KEY_UILaunchScreen_Generation = YES;
				INFOPLIST_KEY_UISupportedInterfaceOrientations_iPad = "UIInterfaceOrientationPortrait UIInterfaceOrientationPortraitUpsideDown UIInterfaceOrientationLandscapeLeft UIInterfaceOrientationLandscapeRight";
				INFOPLIST_KEY_UISupportedInterfaceOrientations_iPhone = "UIInterfaceOrientationPortrait UIInterfaceOrientationLandscapeLeft UIInterfaceOrientationLandscapeRight";
				IPHONEOS_DEPLOYMENT_TARGET = 17.0;
				LD_RUNPATH_SEARCH_PATHS = (
					"$(inherited)",
					"@executable_path/Frameworks",
				);
				MARKETING_VERSION = 1.0;
				PRODUCT_BUNDLE_IDENTIFIER = com.zzoutuo.pethealthdata;
				PRODUCT_NAME = "$(TARGET_NAME)";
				SWIFT_EMIT_LOC_STRINGS = YES;
				SWIFT_VERSION = 5.0;
				TARGETED_DEVICE_FAMILY = "1,2";
			};
			name = Release;
		};
		6A3AB7092F5ED34700393E50 /* Debug */ = {
			isa = XCBuildConfiguration;
			buildSettings = {
				BUNDLE_LOADER = "$(TEST_HOST)";
				CODE_SIGN_STYLE = Automatic;
				CURRENT_PROJECT_VERSION = 1;
				DEVELOPMENT_TEAM = JP4TN5PTS3;
				GENERATE_INFOPLIST_FILE = YES;
				IPHONEOS_DEPLOYMENT_TARGET = 17.0;
				MARKETING_VERSION = 1.0;
				PRODUCT_BUNDLE_IDENTIFIER = com.zzoutuo.pethealthdata.pethealthdataTests;
				PRODUCT_NAME = "$(TARGET_NAME)";
				SWIFT_EMIT_LOC_STRINGS = NO;
				SWIFT_VERSION = 5.0;
				TARGETED_DEVICE_FAMILY = "1,2";
				TEST_HOST = "$(BUILT_PRODUCTS_DIR)/pethealthdata.app/$(BUNDLE_EXECUTABLE_FOLDER_PATH)/pethealthdata";
			};
			name = Debug;
		};
		6A3AB70A2F5ED34700393E50 /* Release */ = {
			isa = XCBuildConfiguration;
			buildSettings = {
				BUNDLE_LOADER = "$(TEST_HOST)";
				CODE_SIGN_STYLE = Automatic;
				CURRENT_PROJECT_VERSION = 1;
				DEVELOPMENT_TEAM = JP4TN5PTS3;
				GENERATE_INFOPLIST_FILE = YES;
				IPHONEOS_DEPLOYMENT_TARGET = 17.0;
				MARKETING_VERSION = 1.0;
				PRODUCT_BUNDLE_IDENTIFIER = com.zzoutuo.pethealthdata.pethealthdataTests;
				PRODUCT_NAME = "$(TARGET_NAME)";
				SWIFT_EMIT_LOC_STRINGS = NO;
				SWIFT_VERSION = 5.0;
				TARGETED_DEVICE_FAMILY = "1,2";
				TEST_HOST = "$(BUILT_PRODUCTS_DIR)/pethealthdata.app/$(BUNDLE_EXECUTABLE_FOLDER_PATH)/pethealthdata";
			};
			name = Release;
		};
		6A3AB70C2F5ED34700393E50 /* Debug */ = {
			isa = XCBuildConfiguration;
			buildSettings = {
				CODE_SIGN_STYLE = Automatic;
				CURRENT_PROJECT_VERSION = 1;
				DEVELOPMENT_TEAM = JP4TN5PTS3;
				GENERATE_INFOPLIST_FILE = YES;
				MARKETING_VERSION = 1.0;
				PRODUCT_BUNDLE_IDENTIFIER = com.zzoutuo.pethealthdata.pethealthdataUITests;
				PRODUCT_NAME = "$(TARGET_NAME)";
				SWIFT_EMIT_LOC_STRINGS = NO;
				SWIFT_VERSION = 5.0;
				TARGETED_DEVICE_FAMILY = "1,2";
				TEST_TARGET_NAME = pethealthdata;
			};
			name = Debug;
		};
		6A3AB70D2F5ED34700393E50 /* Release */ = {
			isa = XCBuildConfiguration;
			buildSettings = {
				CODE_SIGN_STYLE = Automatic;
				CURRENT_PROJECT_VERSION = 1;
				DEVELOPMENT_TEAM = JP4TN5PTS3;
				GENERATE_INFOPLIST_FILE = YES;
				MARKETING_VERSION = 1.0;
				PRODUCT_BUNDLE_IDENTIFIER = com.zzoutuo.pethealthdata.pethealthdataUITests;
				PRODUCT_NAME = "$(TARGET_NAME)";
				SWIFT_EMIT_LOC_STRINGS = NO;
				SWIFT_VERSION = 5.0;
				TARGETED_DEVICE_FAMILY = "1,2";
				TEST_TARGET_NAME = pethealthdata;
			};
			name = Release;
		};
/* End XCBuildConfiguration section */

/* Begin XCConfigurationList section */
		6A3AB6DF2F5ED34600393E50 /* Build configuration list for PBXProject "pethealthdata" */ = {
			isa = XCConfigurationList;
			buildConfigurations = (
				6A3AB7032F5ED34700393E50 /* Debug */,
				6A3AB7042F5ED34700393E50 /* Release */,
			);
			defaultConfigurationIsVisible = 0;
			defaultConfigurationName = Release;
		};
		6A3AB7052F5ED34700393E50 /* Build configuration list for PBXNativeTarget "pethealthdata" */ = {
			isa = XCConfigurationList;
			buildConfigurations = (
				6A3AB7062F5ED34700393E50 /* Debug */,
				6A3AB7072F5ED34700393E50 /* Release */,
			);
			defaultConfigurationIsVisible = 0;
			defaultConfigurationName = Release;
		};
		6A3AB7082F5ED34700393E50 /* Build configuration list for PBXNativeTarget "pethealthdataTests" */ = {
			isa = XCConfigurationList;
			buildConfigurations = (
				6A3AB7092F5ED34700393E50 /* Debug */,
				6A3AB70A2F5ED34700393E50 /* Release */,
			);
			defaultConfigurationIsVisible = 0;
			defaultConfigurationName = Release;
		};
		6A3AB70B2F5ED34700393E50 /* Build configuration list for PBXNativeTarget "pethealthdataUITests" */ = {
			isa = XCConfigurationList;
			buildConfigurations = (
				6A3AB70C2F5ED34700393E50 /* Debug */,
				6A3AB70D2F5ED34700393E50 /* Release */,
			);
			defaultConfigurationIsVisible = 0;
			defaultConfigurationName = Release;
		};
/* End XCConfigurationList section */
	};
	rootObject = 6A3AB6DC2F5ED34600393E50 /* Project object */;
}
